
Microsoft Visual Studio Solution File, Format Version 12.00
# Visual Studio Version 17
VisualStudioVersion = 17.6.33815.320
MinimumVisualStudioVersion = 10.0.40219.1
Project("{FAE04EC0-301F-11D3-BF4B-00C04F79EFBC}") = "ASPNETMVCCRUD1", "ASPNETMVCCRUD1.csproj", "{A973A698-3776-4509-A8F3-96BA2E4B3622}"
EndProject
Global
	GlobalSection(SolutionConfigurationPlatforms) = preSolution
		Debug|Any CPU = Debug|Any CPU
		Release|Any CPU = Release|Any CPU
	EndGlobalSection
	GlobalSection(ProjectConfigurationPlatforms) = postSolution
		{A973A698-3776-4509-A8F3-96BA2E4B3622}.Debug|Any CPU.ActiveCfg = Debug|Any CPU
		{A973A698-3776-4509-A8F3-96BA2E4B3622}.Debug|Any CPU.Build.0 = Debug|Any CPU
		{A973A698-3776-4509-A8F3-96BA2E4B3622}.Release|Any CPU.ActiveCfg = Release|Any CPU
		{A973A698-3776-4509-A8F3-96BA2E4B3622}.Release|Any CPU.Build.0 = Release|Any CPU
	EndGlobalSection
	GlobalSection(SolutionProperties) = preSolution
		HideSolutionNode = FALSE
	EndGlobalSection
	GlobalSection(ExtensibilityGlobals) = postSolution
		SolutionGuid = {56DF5F72-7754-4476-81E9-1D67AF9F5F96}
	EndGlobalSection
EndGlobal
